
Microsoft Visual Studio Solution File, Format Version 12.00
# Visual Studio Version 17
VisualStudioVersion = 17.7.34024.191
MinimumVisualStudioVersion = 10.0.40219.1
Project("{FAE04EC0-301F-11D3-BF4B-00C04F79EFBC}") = "InicioSesion", "InicioSesion.csproj", "{48569DDD-33EB-44C2-86A7-80126F99278C}"
EndProject
Global
	GlobalSection(SolutionConfigurationPlatforms) = preSolution
		Debug|Any CPU = Debug|Any CPU
		Release|Any CPU = Release|Any CPU
	EndGlobalSection
	GlobalSection(ProjectConfigurationPlatforms) = postSolution
		{48569DDD-33EB-44C2-86A7-80126F99278C}.Debug|Any CPU.ActiveCfg = Debug|Any CPU
		{48569DDD-33EB-44C2-86A7-80126F99278C}.Debug|Any CPU.Build.0 = Debug|Any CPU
		{48569DDD-33EB-44C2-86A7-80126F99278C}.Release|Any CPU.ActiveCfg = Release|Any CPU
		{48569DDD-33EB-44C2-86A7-80126F99278C}.Release|Any CPU.Build.0 = Release|Any CPU
	EndGlobalSection
	GlobalSection(SolutionProperties) = preSolution
		HideSolutionNode = FALSE
	EndGlobalSection
	GlobalSection(ExtensibilityGlobals) = postSolution
		SolutionGuid = {36DC2A42-7E8B-4949-B883-533D26AEE68F}
	EndGlobalSection
EndGlobal
